// !$*UTF8*$!
{
	archiveVersion = 1;
	classes = {
	};
	objectVersion = 46;
	objects = {

/* Begin PBXBuildFile section */
		16DFB71215AD1C040078C895 /* UIKit.framework in Frameworks */ = {isa = PBXBuildFile; fileRef = 16DFB71115AD1C040078C895 /* UIKit.framework */; };
		16DFB71415AD1C040078C895 /* Foundation.framework in Frameworks */ = {isa = PBXBuildFile; fileRef = 16DFB71315AD1C040078C895 /* Foundation.framework */; };
		16DFB71615AD1C040078C895 /* CoreGraphics.framework in Frameworks */ = {isa = PBXBuildFile; fileRef = 16DFB71515AD1C040078C895 /* CoreGraphics.framework */; };
		16DFB71C15AD1C040078C895 /* InfoPlist.strings in Resources */ = {isa = PBXBuildFile; fileRef = 16DFB71A15AD1C040078C895 /* InfoPlist.strings */; };
		16DFB71E15AD1C040078C895 /* main.m in Sources */ = {isa = PBXBuildFile; fileRef = 16DFB71D15AD1C040078C895 /* main.m */; };
		16DFB72215AD1C040078C895 /* JPAppDelegate.m in Sources */ = {isa = PBXBuildFile; fileRef = 16DFB72115AD1C040078C895 /* JPAppDelegate.m */; };
		16DFB72515AD1C040078C895 /* MainStoryboard.storyboard in Resources */ = {isa = PBXBuildFile; fileRef = 16DFB72315AD1C040078C895 /* MainStoryboard.storyboard */; };
		16DFB72815AD1C040078C895 /* JPViewController.m in Sources */ = {isa = PBXBuildFile; fileRef = 16DFB72715AD1C040078C895 /* JPViewController.m */; };
		16DFB74D15AD1C370078C895 /* check.png in Resources */ = {isa = PBXBuildFile; fileRef = 16DFB72F15AD1C370078C895 /* check.png */; };
		16DFB74E15AD1C370078C895 /* Default.png in Resources */ = {isa = PBXBuildFile; fileRef = 16DFB73015AD1C370078C895 /* Default.png */; };
		16DFB74F15AD1C370078C895 /* Default@2x.png in Resources */ = {isa = PBXBuildFile; fileRef = 16DFB73115AD1C370078C895 /* Default@2x.png */; };
		16DFB75015AD1C370078C895 /* dislike_highlight@2x.png in Resources */ = {isa = PBXBuildFile; fileRef = 16DFB73215AD1C370078C895 /* dislike_highlight@2x.png */; };
		16DFB75115AD1C370078C895 /* dislike_normal@2x.png in Resources */ = {isa = PBXBuildFile; fileRef = 16DFB73315AD1C370078C895 /* dislike_normal@2x.png */; };
		16DFB75215AD1C370078C895 /* friend.png in Resources */ = {isa = PBXBuildFile; fileRef = 16DFB73415AD1C370078C895 /* friend.png */; };
		16DFB75315AD1C370078C895 /* history.png in Resources */ = {isa = PBXBuildFile; fileRef = 16DFB73515AD1C370078C895 /* history.png */; };
		16DFB75415AD1C370078C895 /* history@2x.png in Resources */ = {isa = PBXBuildFile; fileRef = 16DFB73615AD1C370078C895 /* history@2x.png */; };
		16DFB75615AD1C370078C895 /* icon.png in Resources */ = {isa = PBXBuildFile; fileRef = 16DFB73915AD1C370078C895 /* icon.png */; };
		16DFB75715AD1C370078C895 /* like_highlight@2x.png in Resources */ = {isa = PBXBuildFile; fileRef = 16DFB73A15AD1C370078C895 /* like_highlight@2x.png */; };
		16DFB75815AD1C370078C895 /* like_normal@2x.png in Resources */ = {isa = PBXBuildFile; fileRef = 16DFB73B15AD1C370078C895 /* like_normal@2x.png */; };
		16DFB75915AD1C370078C895 /* logout.png in Resources */ = {isa = PBXBuildFile; fileRef = 16DFB73C15AD1C370078C895 /* logout.png */; };
		16DFB75A15AD1C370078C895 /* logout@2x.png in Resources */ = {isa = PBXBuildFile; fileRef = 16DFB73D15AD1C370078C895 /* logout@2x.png */; };
		16DFB75B15AD1C370078C895 /* meal.png in Resources */ = {isa = PBXBuildFile; fileRef = 16DFB73E15AD1C370078C895 /* meal.png */; };
		16DFB75C15AD1C370078C895 /* meal@2x.png in Resources */ = {isa = PBXBuildFile; fileRef = 16DFB73F15AD1C370078C895 /* meal@2x.png */; };
		16DFB75D15AD1C370078C895 /* myorders.png in Resources */ = {isa = PBXBuildFile; fileRef = 16DFB74015AD1C370078C895 /* myorders.png */; };
		16DFB75E15AD1C370078C895 /* myorders@2x.png in Resources */ = {isa = PBXBuildFile; fileRef = 16DFB74115AD1C370078C895 /* myorders@2x.png */; };
		16DFB75F15AD1C370078C895 /* olixus_logo.png in Resources */ = {isa = PBXBuildFile; fileRef = 16DFB74215AD1C370078C895 /* olixus_logo.png */; };
		16DFB76015AD1C370078C895 /* orderButton_highlight@2x.png in Resources */ = {isa = PBXBuildFile; fileRef = 16DFB74315AD1C370078C895 /* orderButton_highlight@2x.png */; };
		16DFB76115AD1C370078C895 /* orderButton_normal.png in Resources */ = {isa = PBXBuildFile; fileRef = 16DFB74415AD1C370078C895 /* orderButton_normal.png */; };
		16DFB76215AD1C370078C895 /* orderButton_normal@2x.png in Resources */ = {isa = PBXBuildFile; fileRef = 16DFB74515AD1C370078C895 /* orderButton_normal@2x.png */; };
		16DFB76315AD1C370078C895 /* promotion.png in Resources */ = {isa = PBXBuildFile; fileRef = 16DFB74615AD1C370078C895 /* promotion.png */; };
		16DFB76415AD1C370078C895 /* promotion@2x.png in Resources */ = {isa = PBXBuildFile; fileRef = 16DFB74715AD1C370078C895 /* promotion@2x.png */; };
		16DFB76515AD1C370078C895 /* restFlowDef.png in Resources */ = {isa = PBXBuildFile; fileRef = 16DFB74815AD1C370078C895 /* restFlowDef.png */; };
		16DFB76615AD1C370078C895 /* star_normal@2x.png in Resources */ = {isa = PBXBuildFile; fileRef = 16DFB74915AD1C370078C895 /* star_normal@2x.png */; };
		16DFB76715AD1C370078C895 /* tableview_bg@2x.png in Resources */ = {isa = PBXBuildFile; fileRef = 16DFB74A15AD1C370078C895 /* tableview_bg@2x.png */; };
		16DFB76815AD1C370078C895 /* viewbg@2x.png in Resources */ = {isa = PBXBuildFile; fileRef = 16DFB74B15AD1C370078C895 /* viewbg@2x.png */; };
		16DFB76915AD1C370078C895 /* x.png in Resources */ = {isa = PBXBuildFile; fileRef = 16DFB74C15AD1C370078C895 /* x.png */; };
		6049BAAF15B05D9A00BF0F80 /* MainViewController.m in Sources */ = {isa = PBXBuildFile; fileRef = 6049BAAE15B05D9A00BF0F80 /* MainViewController.m */; };
/* End PBXBuildFile section */

/* Begin PBXFileReference section */
		16DFB70D15AD1C040078C895 /* Accompany.app */ = {isa = PBXFileReference; explicitFileType = wrapper.application; includeInIndex = 0; path = Accompany.app; sourceTree = BUILT_PRODUCTS_DIR; };
		16DFB71115AD1C040078C895 /* UIKit.framework */ = {isa = PBXFileReference; lastKnownFileType = wrapper.framework; name = UIKit.framework; path = System/Library/Frameworks/UIKit.framework; sourceTree = SDKROOT; };
		16DFB71315AD1C040078C895 /* Foundation.framework */ = {isa = PBXFileReference; lastKnownFileType = wrapper.framework; name = Foundation.framework; path = System/Library/Frameworks/Foundation.framework; sourceTree = SDKROOT; };
		16DFB71515AD1C040078C895 /* CoreGraphics.framework */ = {isa = PBXFileReference; lastKnownFileType = wrapper.framework; name = CoreGraphics.framework; path = System/Library/Frameworks/CoreGraphics.framework; sourceTree = SDKROOT; };
		16DFB71915AD1C040078C895 /* Accompany-Info.plist */ = {isa = PBXFileReference; lastKnownFileType = text.plist.xml; path = "Accompany-Info.plist"; sourceTree = "<group>"; };
		16DFB71B15AD1C040078C895 /* en */ = {isa = PBXFileReference; lastKnownFileType = text.plist.strings; name = en; path = en.lproj/InfoPlist.strings; sourceTree = "<group>"; };
		16DFB71D15AD1C040078C895 /* main.m */ = {isa = PBXFileReference; lastKnownFileType = sourcecode.c.objc; path = main.m; sourceTree = "<group>"; };
		16DFB71F15AD1C040078C895 /* Accompany-Prefix.pch */ = {isa = PBXFileReference; lastKnownFileType = sourcecode.c.h; path = "Accompany-Prefix.pch"; sourceTree = "<group>"; };
		16DFB72015AD1C040078C895 /* JPAppDelegate.h */ = {isa = PBXFileReference; lastKnownFileType = sourcecode.c.h; path = JPAppDelegate.h; sourceTree = "<group>"; };
		16DFB72115AD1C040078C895 /* JPAppDelegate.m */ = {isa = PBXFileReference; lastKnownFileType = sourcecode.c.objc; path = JPAppDelegate.m; sourceTree = "<group>"; };
		16DFB72415AD1C040078C895 /* en */ = {isa = PBXFileReference; lastKnownFileType = file.storyboard; name = en; path = en.lproj/MainStoryboard.storyboard; sourceTree = "<group>"; };
		16DFB72615AD1C040078C895 /* JPViewController.h */ = {isa = PBXFileReference; lastKnownFileType = sourcecode.c.h; path = JPViewController.h; sourceTree = "<group>"; };
		16DFB72715AD1C040078C895 /* JPViewController.m */ = {isa = PBXFileReference; lastKnownFileType = sourcecode.c.objc; path = JPViewController.m; sourceTree = "<group>"; };
		16DFB72F15AD1C370078C895 /* check.png */ = {isa = PBXFileReference; lastKnownFileType = image.png; path = check.png; sourceTree = "<group>"; };
		16DFB73015AD1C370078C895 /* Default.png */ = {isa = PBXFileReference; lastKnownFileType = image.png; path = Default.png; sourceTree = "<group>"; };
		16DFB73115AD1C370078C895 /* Default@2x.png */ = {isa = PBXFileReference; lastKnownFileType = image.png; path = "Default@2x.png"; sourceTree = "<group>"; };
		16DFB73215AD1C370078C895 /* dislike_highlight@2x.png */ = {isa = PBXFileReference; lastKnownFileType = image.png; path = "dislike_highlight@2x.png"; sourceTree = "<group>"; };
		16DFB73315AD1C370078C895 /* dislike_normal@2x.png */ = {isa = PBXFileReference; lastKnownFileType = image.png; path = "dislike_normal@2x.png"; sourceTree = "<group>"; };
		16DFB73415AD1C370078C895 /* friend.png */ = {isa = PBXFileReference; lastKnownFileType = image.png; path = friend.png; sourceTree = "<group>"; };
		16DFB73515AD1C370078C895 /* history.png */ = {isa = PBXFileReference; lastKnownFileType = image.png; path = history.png; sourceTree = "<group>"; };
		16DFB73615AD1C370078C895 /* history@2x.png */ = {isa = PBXFileReference; lastKnownFileType = image.png; path = "history@2x.png"; sourceTree = "<group>"; };
		16DFB73715AD1C370078C895 /* HttpClient.h */ = {isa = PBXFileReference; fileEncoding = 4; lastKnownFileType = sourcecode.c.h; path = HttpClient.h; sourceTree = "<group>"; };
		16DFB73915AD1C370078C895 /* icon.png */ = {isa = PBXFileReference; lastKnownFileType = image.png; path = icon.png; sourceTree = "<group>"; };
		16DFB73A15AD1C370078C895 /* like_highlight@2x.png */ = {isa = PBXFileReference; lastKnownFileType = image.png; path = "like_highlight@2x.png"; sourceTree = "<group>"; };
		16DFB73B15AD1C370078C895 /* like_normal@2x.png */ = {isa = PBXFileReference; lastKnownFileType = image.png; path = "like_normal@2x.png"; sourceTree = "<group>"; };
		16DFB73C15AD1C370078C895 /* logout.png */ = {isa = PBXFileReference; lastKnownFileType = image.png; path = logout.png; sourceTree = "<group>"; };
		16DFB73D15AD1C370078C895 /* logout@2x.png */ = {isa = PBXFileReference; lastKnownFileType = image.png; path = "logout@2x.png"; sourceTree = "<group>"; };
		16DFB73E15AD1C370078C895 /* meal.png */ = {isa = PBXFileReference; lastKnownFileType = image.png; path = meal.png; sourceTree = "<group>"; };
		16DFB73F15AD1C370078C895 /* meal@2x.png */ = {isa = PBXFileReference; lastKnownFileType = image.png; path = "meal@2x.png"; sourceTree = "<group>"; };
		16DFB74015AD1C370078C895 /* myorders.png */ = {isa = PBXFileReference; lastKnownFileType = image.png; path = myorders.png; sourceTree = "<group>"; };
		16DFB74115AD1C370078C895 /* myorders@2x.png */ = {isa = PBXFileReference; lastKnownFileType = image.png; path = "myorders@2x.png"; sourceTree = "<group>"; };
		16DFB74215AD1C370078C895 /* olixus_logo.png */ = {isa = PBXFileReference; lastKnownFileType = image.png; path = olixus_logo.png; sourceTree = "<group>"; };
		16DFB74315AD1C370078C895 /* orderButton_highlight@2x.png */ = {isa = PBXFileReference; lastKnownFileType = image.png; path = "orderButton_highlight@2x.png"; sourceTree = "<group>"; };
		16DFB74415AD1C370078C895 /* orderButton_normal.png */ = {isa = PBXFileReference; lastKnownFileType = image.png; path = orderButton_normal.png; sourceTree = "<group>"; };
		16DFB74515AD1C370078C895 /* orderButton_normal@2x.png */ = {isa = PBXFileReference; lastKnownFileType = image.png; path = "orderButton_normal@2x.png"; sourceTree = "<group>"; };
		16DFB74615AD1C370078C895 /* promotion.png */ = {isa = PBXFileReference; lastKnownFileType = image.png; path = promotion.png; sourceTree = "<group>"; };
		16DFB74715AD1C370078C895 /* promotion@2x.png */ = {isa = PBXFileReference; lastKnownFileType = image.png; path = "promotion@2x.png"; sourceTree = "<group>"; };
		16DFB74815AD1C370078C895 /* restFlowDef.png */ = {isa = PBXFileReference; lastKnownFileType = image.png; path = restFlowDef.png; sourceTree = "<group>"; };
		16DFB74915AD1C370078C895 /* star_normal@2x.png */ = {isa = PBXFileReference; lastKnownFileType = image.png; path = "star_normal@2x.png"; sourceTree = "<group>"; };
		16DFB74A15AD1C370078C895 /* tableview_bg@2x.png */ = {isa = PBXFileReference; lastKnownFileType = image.png; path = "tableview_bg@2x.png"; sourceTree = "<group>"; };
		16DFB74B15AD1C370078C895 /* viewbg@2x.png */ = {isa = PBXFileReference; lastKnownFileType = image.png; path = "viewbg@2x.png"; sourceTree = "<group>"; };
		16DFB74C15AD1C370078C895 /* x.png */ = {isa = PBXFileReference; lastKnownFileType = image.png; path = x.png; sourceTree = "<group>"; };
		6049BAAD15B05D9A00BF0F80 /* MainViewController.h */ = {isa = PBXFileReference; fileEncoding = 4; lastKnownFileType = sourcecode.c.h; path = MainViewController.h; sourceTree = "<group>"; };
		6049BAAE15B05D9A00BF0F80 /* MainViewController.m */ = {isa = PBXFileReference; fileEncoding = 4; lastKnownFileType = sourcecode.c.objc; path = MainViewController.m; sourceTree = "<group>"; };
/* End PBXFileReference section */

/* Begin PBXFrameworksBuildPhase section */
		16DFB70A15AD1C040078C895 /* Frameworks */ = {
			isa = PBXFrameworksBuildPhase;
			buildActionMask = 2147483647;
			files = (
				16DFB71215AD1C040078C895 /* UIKit.framework in Frameworks */,
				16DFB71415AD1C040078C895 /* Foundation.framework in Frameworks */,
				16DFB71615AD1C040078C895 /* CoreGraphics.framework in Frameworks */,
			);
			runOnlyForDeploymentPostprocessing = 0;
		};
/* End PBXFrameworksBuildPhase section */

/* Begin PBXGroup section */
		16DFB70215AD1C040078C895 = {
			isa = PBXGroup;
			children = (
				16DFB71715AD1C040078C895 /* Accompany */,
				16DFB71015AD1C040078C895 /* Frameworks */,
				16DFB70E15AD1C040078C895 /* Products */,
			);
			sourceTree = "<group>";
		};
		16DFB70E15AD1C040078C895 /* Products */ = {
			isa = PBXGroup;
			children = (
				16DFB70D15AD1C040078C895 /* Accompany.app */,
			);
			name = Products;
			sourceTree = "<group>";
		};
		16DFB71015AD1C040078C895 /* Frameworks */ = {
			isa = PBXGroup;
			children = (
				16DFB71115AD1C040078C895 /* UIKit.framework */,
				16DFB71315AD1C040078C895 /* Foundation.framework */,
				16DFB71515AD1C040078C895 /* CoreGraphics.framework */,
			);
			name = Frameworks;
			sourceTree = "<group>";
		};
		16DFB71715AD1C040078C895 /* Accompany */ = {
			isa = PBXGroup;
			children = (
				16DFB72015AD1C040078C895 /* JPAppDelegate.h */,
				16DFB72115AD1C040078C895 /* JPAppDelegate.m */,
				16DFB72315AD1C040078C895 /* MainStoryboard.storyboard */,
				16DFB72615AD1C040078C895 /* JPViewController.h */,
				16DFB72715AD1C040078C895 /* JPViewController.m */,
				6049BAAD15B05D9A00BF0F80 /* MainViewController.h */,
				6049BAAE15B05D9A00BF0F80 /* MainViewController.m */,
				16DFB71815AD1C040078C895 /* Supporting Files */,
			);
			path = Accompany;
			sourceTree = "<group>";
		};
		16DFB71815AD1C040078C895 /* Supporting Files */ = {
			isa = PBXGroup;
			children = (
				16DFB72E15AD1C370078C895 /* image */,
				16DFB71915AD1C040078C895 /* Accompany-Info.plist */,
				16DFB71A15AD1C040078C895 /* InfoPlist.strings */,
				16DFB71D15AD1C040078C895 /* main.m */,
				16DFB71F15AD1C040078C895 /* Accompany-Prefix.pch */,
			);
			name = "Supporting Files";
			sourceTree = "<group>";
		};
		16DFB72E15AD1C370078C895 /* image */ = {
			isa = PBXGroup;
			children = (
				16DFB72F15AD1C370078C895 /* check.png */,
				16DFB73015AD1C370078C895 /* Default.png */,
				16DFB73115AD1C370078C895 /* Default@2x.png */,
				16DFB73215AD1C370078C895 /* dislike_highlight@2x.png */,
				16DFB73315AD1C370078C895 /* dislike_normal@2x.png */,
				16DFB73415AD1C370078C895 /* friend.png */,
				16DFB73515AD1C370078C895 /* history.png */,
				16DFB73615AD1C370078C895 /* history@2x.png */,
				16DFB73715AD1C370078C895 /* HttpClient.h */,
				16DFB73915AD1C370078C895 /* icon.png */,
				16DFB73A15AD1C370078C895 /* like_highlight@2x.png */,
				16DFB73B15AD1C370078C895 /* like_normal@2x.png */,
				16DFB73C15AD1C370078C895 /* logout.png */,
				16DFB73D15AD1C370078C895 /* logout@2x.png */,
				16DFB73E15AD1C370078C895 /* meal.png */,
				16DFB73F15AD1C370078C895 /* meal@2x.png */,
				16DFB74015AD1C370078C895 /* myorders.png */,
				16DFB74115AD1C370078C895 /* myorders@2x.png */,
				16DFB74215AD1C370078C895 /* olixus_logo.png */,
				16DFB74315AD1C370078C895 /* orderButton_highlight@2x.png */,
				16DFB74415AD1C370078C895 /* orderButton_normal.png */,
				16DFB74515AD1C370078C895 /* orderButton_normal@2x.png */,
				16DFB74615AD1C370078C895 /* promotion.png */,
				16DFB74715AD1C370078C895 /* promotion@2x.png */,
				16DFB74815AD1C370078C895 /* restFlowDef.png */,
				16DFB74915AD1C370078C895 /* star_normal@2x.png */,
				16DFB74A15AD1C370078C895 /* tableview_bg@2x.png */,
				16DFB74B15AD1C370078C895 /* viewbg@2x.png */,
				16DFB74C15AD1C370078C895 /* x.png */,
			);
			path = image;
			sourceTree = "<group>";
		};
/* End PBXGroup section */

/* Begin PBXNativeTarget section */
		16DFB70C15AD1C040078C895 /* Accompany */ = {
			isa = PBXNativeTarget;
			buildConfigurationList = 16DFB72B15AD1C040078C895 /* Build configuration list for PBXNativeTarget "Accompany" */;
			buildPhases = (
				16DFB70915AD1C040078C895 /* Sources */,
				16DFB70A15AD1C040078C895 /* Frameworks */,
				16DFB70B15AD1C040078C895 /* Resources */,
			);
			buildRules = (
			);
			dependencies = (
			);
			name = Accompany;
			productName = Accompany;
			productReference = 16DFB70D15AD1C040078C895 /* Accompany.app */;
			productType = "com.apple.product-type.application";
		};
/* End PBXNativeTarget section */

/* Begin PBXProject section */
		16DFB70415AD1C040078C895 /* Project object */ = {
			isa = PBXProject;
			attributes = {
				LastUpgradeCheck = 0420;
			};
			buildConfigurationList = 16DFB70715AD1C040078C895 /* Build configuration list for PBXProject "Accompany" */;
			compatibilityVersion = "Xcode 3.2";
			developmentRegion = English;
			hasScannedForEncodings = 0;
			knownRegions = (
				en,
			);
			mainGroup = 16DFB70215AD1C040078C895;
			productRefGroup = 16DFB70E15AD1C040078C895 /* Products */;
			projectDirPath = "";
			projectRoot = "";
			targets = (
				16DFB70C15AD1C040078C895 /* Accompany */,
			);
		};
/* End PBXProject section */

/* Begin PBXResourcesBuildPhase section */
		16DFB70B15AD1C040078C895 /* Resources */ = {
			isa = PBXResourcesBuildPhase;
			buildActionMask = 2147483647;
			files = (
				16DFB71C15AD1C040078C895 /* InfoPlist.strings in Resources */,
				16DFB72515AD1C040078C895 /* MainStoryboard.storyboard in Resources */,
				16DFB74D15AD1C370078C895 /* check.png in Resources */,
				16DFB74E15AD1C370078C895 /* Default.png in Resources */,
				16DFB74F15AD1C370078C895 /* Default@2x.png in Resources */,
				16DFB75015AD1C370078C895 /* dislike_highlight@2x.png in Resources */,
				16DFB75115AD1C370078C895 /* dislike_normal@2x.png in Resources */,
				16DFB75215AD1C370078C895 /* friend.png in Resources */,
				16DFB75315AD1C370078C895 /* history.png in Resources */,
				16DFB75415AD1C370078C895 /* history@2x.png in Resources */,
				16DFB75615AD1C370078C895 /* icon.png in Resources */,
				16DFB75715AD1C370078C895 /* like_highlight@2x.png in Resources */,
				16DFB75815AD1C370078C895 /* like_normal@2x.png in Resources */,
				16DFB75915AD1C370078C895 /* logout.png in Resources */,
				16DFB75A15AD1C370078C895 /* logout@2x.png in Resources */,
				16DFB75B15AD1C370078C895 /* meal.png in Resources */,
				16DFB75C15AD1C370078C895 /* meal@2x.png in Resources */,
				16DFB75D15AD1C370078C895 /* myorders.png in Resources */,
				16DFB75E15AD1C370078C895 /* myorders@2x.png in Resources */,
				16DFB75F15AD1C370078C895 /* olixus_logo.png in Resources */,
				16DFB76015AD1C370078C895 /* orderButton_highlight@2x.png in Resources */,
				16DFB76115AD1C370078C895 /* orderButton_normal.png in Resources */,
				16DFB76215AD1C370078C895 /* orderButton_normal@2x.png in Resources */,
				16DFB76315AD1C370078C895 /* promotion.png in Resources */,
				16DFB76415AD1C370078C895 /* promotion@2x.png in Resources */,
				16DFB76515AD1C370078C895 /* restFlowDef.png in Resources */,
				16DFB76615AD1C370078C895 /* star_normal@2x.png in Resources */,
				16DFB76715AD1C370078C895 /* tableview_bg@2x.png in Resources */,
				16DFB76815AD1C370078C895 /* viewbg@2x.png in Resources */,
				16DFB76915AD1C370078C895 /* x.png in Resources */,
			);
			runOnlyForDeploymentPostprocessing = 0;
		};
/* End PBXResourcesBuildPhase section */

/* Begin PBXSourcesBuildPhase section */
		16DFB70915AD1C040078C895 /* Sources */ = {
			isa = PBXSourcesBuildPhase;
			buildActionMask = 2147483647;
			files = (
				16DFB71E15AD1C040078C895 /* main.m in Sources */,
				16DFB72215AD1C040078C895 /* JPAppDelegate.m in Sources */,
				16DFB72815AD1C040078C895 /* JPViewController.m in Sources */,
				6049BAAF15B05D9A00BF0F80 /* MainViewController.m in Sources */,
			);
			runOnlyForDeploymentPostprocessing = 0;
		};
/* End PBXSourcesBuildPhase section */

/* Begin PBXVariantGroup section */
		16DFB71A15AD1C040078C895 /* InfoPlist.strings */ = {
			isa = PBXVariantGroup;
			children = (
				16DFB71B15AD1C040078C895 /* en */,
			);
			name = InfoPlist.strings;
			sourceTree = "<group>";
		};
		16DFB72315AD1C040078C895 /* MainStoryboard.storyboard */ = {
			isa = PBXVariantGroup;
			children = (
				16DFB72415AD1C040078C895 /* en */,
			);
			name = MainStoryboard.storyboard;
			sourceTree = "<group>";
		};
/* End PBXVariantGroup section */

/* Begin XCBuildConfiguration section */
		16DFB72915AD1C040078C895 /* Debug */ = {
			isa = XCBuildConfiguration;
			buildSettings = {
				ALWAYS_SEARCH_USER_PATHS = NO;
				ARCHS = "$(ARCHS_STANDARD_32_BIT)";
				CLANG_ENABLE_OBJC_ARC = YES;
				"CODE_SIGN_IDENTITY[sdk=iphoneos*]" = "iPhone Developer";
				COPY_PHASE_STRIP = NO;
				GCC_C_LANGUAGE_STANDARD = gnu99;
				GCC_DYNAMIC_NO_PIC = NO;
				GCC_OPTIMIZATION_LEVEL = 0;
				GCC_PREPROCESSOR_DEFINITIONS = (
					"DEBUG=1",
					"$(inherited)",
				);
				GCC_SYMBOLS_PRIVATE_EXTERN = NO;
				GCC_VERSION = com.apple.compilers.llvm.clang.1_0;
				GCC_WARN_ABOUT_MISSING_PROTOTYPES = YES;
				GCC_WARN_ABOUT_RETURN_TYPE = YES;
				GCC_WARN_UNUSED_VARIABLE = YES;
				IPHONEOS_DEPLOYMENT_TARGET = 5.0;
				SDKROOT = iphoneos;
			};
			name = Debug;
		};
		16DFB72A15AD1C040078C895 /* Release */ = {
			isa = XCBuildConfiguration;
			buildSettings = {
				ALWAYS_SEARCH_USER_PATHS = NO;
				ARCHS = "$(ARCHS_STANDARD_32_BIT)";
				CLANG_ENABLE_OBJC_ARC = YES;
				"CODE_SIGN_IDENTITY[sdk=iphoneos*]" = "iPhone Developer";
				COPY_PHASE_STRIP = YES;
				GCC_C_LANGUAGE_STANDARD = gnu99;
				GCC_VERSION = com.apple.compilers.llvm.clang.1_0;
				GCC_WARN_ABOUT_MISSING_PROTOTYPES = YES;
				GCC_WARN_ABOUT_RETURN_TYPE = YES;
				GCC_WARN_UNUSED_VARIABLE = YES;
				IPHONEOS_DEPLOYMENT_TARGET = 5.0;
				OTHER_CFLAGS = "-DNS_BLOCK_ASSERTIONS=1";
				SDKROOT = iphoneos;
				VALIDATE_PRODUCT = YES;
			};
			name = Release;
		};
		16DFB72C15AD1C040078C895 /* Debug */ = {
			isa = XCBuildConfiguration;
			buildSettings = {
				GCC_PRECOMPILE_PREFIX_HEADER = YES;
				GCC_PREFIX_HEADER = "Accompany/Accompany-Prefix.pch";
				INFOPLIST_FILE = "Accompany/Accompany-Info.plist";
				PRODUCT_NAME = "$(TARGET_NAME)";
				WRAPPER_EXTENSION = app;
			};
			name = Debug;
		};
		16DFB72D15AD1C040078C895 /* Release */ = {
			isa = XCBuildConfiguration;
			buildSettings = {
				GCC_PRECOMPILE_PREFIX_HEADER = YES;
				GCC_PREFIX_HEADER = "Accompany/Accompany-Prefix.pch";
				INFOPLIST_FILE = "Accompany/Accompany-Info.plist";
				PRODUCT_NAME = "$(TARGET_NAME)";
				WRAPPER_EXTENSION = app;
			};
			name = Release;
		};
/* End XCBuildConfiguration section */

/* Begin XCConfigurationList section */
		16DFB70715AD1C040078C895 /* Build configuration list for PBXProject "Accompany" */ = {
			isa = XCConfigurationList;
			buildConfigurations = (
				16DFB72915AD1C040078C895 /* Debug */,
				16DFB72A15AD1C040078C895 /* Release */,
			);
			defaultConfigurationIsVisible = 0;
			defaultConfigurationName = Release;
		};
		16DFB72B15AD1C040078C895 /* Build configuration list for PBXNativeTarget "Accompany" */ = {
			isa = XCConfigurationList;
			buildConfigurations = (
				16DFB72C15AD1C040078C895 /* Debug */,
				16DFB72D15AD1C040078C895 /* Release */,
			);
			defaultConfigurationIsVisible = 0;
			defaultConfigurationName = Release;
		};
/* End XCConfigurationList section */
	};
	rootObject = 16DFB70415AD1C040078C895 /* Project object */;
}
